
Microsoft Visual Studio Solution File, Format Version 9.00
# Visual Studio 2005
Project("{8BC9CEB8-8B4A-11D0-8D11-00A0C91BC942}") = "iptv_client", "iptv_client\build\VC2005\iptv_client\iptv_client.vcproj", "{1912665D-50DF-471D-A313-82E328F48DC5}"
	ProjectSection(ProjectDependencies) = postProject
		{4A566B56-A8E5-4D65-A10C-2C7A2D0285EA} = {4A566B56-A8E5-4D65-A10C-2C7A2D0285EA}
		{49145CB9-3B14-4872-80CB-CBE8E839322B} = {49145CB9-3B14-4872-80CB-CBE8E839322B}
	EndProjectSection
EndProject
Project("{8BC9CEB8-8B4A-11D0-8D11-00A0C91BC942}") = "SharedLib", "iptv_shared\shared\SharedLib.vcproj", "{69ECEA66-1E11-428F-A515-810471CBB8AE}"
EndProject
Project("{8BC9CEB8-8B4A-11D0-8D11-00A0C91BC942}") = "chat", "iptv_chat\chat\chat.vcproj", "{00DD12F9-842E-4420-9284-CCC30DB0E0FA}"
	ProjectSection(ProjectDependencies) = postProject
		{69ECEA66-1E11-428F-A515-810471CBB8AE} = {69ECEA66-1E11-428F-A515-810471CBB8AE}
	EndProjectSection
EndProject
Project("{8BC9CEB8-8B4A-11D0-8D11-00A0C91BC942}") = "IrmStub30", "iptv_irm_stub\stub\IrmStub30.vcproj", "{6767DD4A-7F0D-427A-B44E-F58D38C0C09E}"
	ProjectSection(ProjectDependencies) = postProject
		{69ECEA66-1E11-428F-A515-810471CBB8AE} = {69ECEA66-1E11-428F-A515-810471CBB8AE}
		{00DD12F9-842E-4420-9284-CCC30DB0E0FA} = {00DD12F9-842E-4420-9284-CCC30DB0E0FA}
	EndProjectSection
EndProject
Project("{8BC9CEB8-8B4A-11D0-8D11-00A0C91BC942}") = "iptv_kernel", "iptv_kernel\build\VC2005\iptv_kernel.vcproj", "{49145CB9-3B14-4872-80CB-CBE8E839322B}"
	ProjectSection(ProjectDependencies) = postProject
		{27130A06-3E45-496E-A3D5-85E186219A7D} = {27130A06-3E45-496E-A3D5-85E186219A7D}
		{CC474125-885B-4CC9-B58F-46400404D204} = {CC474125-885B-4CC9-B58F-46400404D204}
		{0993C42B-352D-4DF8-A044-CDA3B4BCF37D} = {0993C42B-352D-4DF8-A044-CDA3B4BCF37D}
		{AED68646-D122-464A-874E-2C7BB1B5DDBA} = {AED68646-D122-464A-874E-2C7BB1B5DDBA}
		{6767DD4A-7F0D-427A-B44E-F58D38C0C09E} = {6767DD4A-7F0D-427A-B44E-F58D38C0C09E}
		{69ECEA66-1E11-428F-A515-810471CBB8AE} = {69ECEA66-1E11-428F-A515-810471CBB8AE}
		{603EC084-3E02-49F0-84E6-30D8DE9D99A5} = {603EC084-3E02-49F0-84E6-30D8DE9D99A5}
		{D3FE95CB-4ECE-4DBA-B2E2-4EAF83DD0224} = {D3FE95CB-4ECE-4DBA-B2E2-4EAF83DD0224}
		{30CC2DD4-DFBA-4A24-B174-36E9A59F0E6D} = {30CC2DD4-DFBA-4A24-B174-36E9A59F0E6D}
	EndProjectSection
EndProject
Project("{8BC9CEB8-8B4A-11D0-8D11-00A0C91BC942}") = "SkinLite", "skin_lite\build\VC2005\SkinLite.vcproj", "{68441779-4FEA-48BC-8769-6DB2E79D65D6}"
	ProjectSection(ProjectDependencies) = postProject
		{E23D7D08-F122-4938-B0CC-A714BCE82083} = {E23D7D08-F122-4938-B0CC-A714BCE82083}
		{4A566B56-A8E5-4D65-A10C-2C7A2D0285EA} = {4A566B56-A8E5-4D65-A10C-2C7A2D0285EA}
		{69ECEA66-1E11-428F-A515-810471CBB8AE} = {69ECEA66-1E11-428F-A515-810471CBB8AE}
	EndProjectSection
EndProject
Project("{8BC9CEB8-8B4A-11D0-8D11-00A0C91BC942}") = "iptv_audio_capture", "iptv_audio_capture\iptv_audio_capture.vcproj", "{30CC2DD4-DFBA-4A24-B174-36E9A59F0E6D}"
	ProjectSection(ProjectDependencies) = postProject
		{AED68646-D122-464A-874E-2C7BB1B5DDBA} = {AED68646-D122-464A-874E-2C7BB1B5DDBA}
		{69ECEA66-1E11-428F-A515-810471CBB8AE} = {69ECEA66-1E11-428F-A515-810471CBB8AE}
	EndProjectSection
EndProject
Project("{8BC9CEB8-8B4A-11D0-8D11-00A0C91BC942}") = "IPTVMedia3", "iptv_media3\IPTVMedia3.vcproj", "{D3FE95CB-4ECE-4DBA-B2E2-4EAF83DD0224}"
	ProjectSection(ProjectDependencies) = postProject
		{AED68646-D122-464A-874E-2C7BB1B5DDBA} = {AED68646-D122-464A-874E-2C7BB1B5DDBA}
		{69ECEA66-1E11-428F-A515-810471CBB8AE} = {69ECEA66-1E11-428F-A515-810471CBB8AE}
	EndProjectSection
EndProject
Project("{8BC9CEB8-8B4A-11D0-8D11-00A0C91BC942}") = "XFileTransfer", "iptv_xfiletransfer\xfiletransfer\XFileTransfer.vcproj", "{27130A06-3E45-496E-A3D5-85E186219A7D}"
	ProjectSection(ProjectDependencies) = postProject
		{69ECEA66-1E11-428F-A515-810471CBB8AE} = {69ECEA66-1E11-428F-A515-810471CBB8AE}
	EndProjectSection
EndProject
Project("{8BC9CEB8-8B4A-11D0-8D11-00A0C91BC942}") = "iptv_media_util", "iptv_media_util\iptv_media_util.vcproj", "{AED68646-D122-464A-874E-2C7BB1B5DDBA}"
	ProjectSection(ProjectDependencies) = postProject
		{69ECEA66-1E11-428F-A515-810471CBB8AE} = {69ECEA66-1E11-428F-A515-810471CBB8AE}
	EndProjectSection
EndProject
Project("{8BC9CEB8-8B4A-11D0-8D11-00A0C91BC942}") = "Skin", "iptv_client\build\VC2005\Skin\Skin.vcproj", "{4A566B56-A8E5-4D65-A10C-2C7A2D0285EA}"
EndProject
Project("{8BC9CEB8-8B4A-11D0-8D11-00A0C91BC942}") = "VBLib_dll", "sbVB\VBLib_6_2\project\vc2005\VBLib_dll\VBLib_dll.vcproj", "{603EC084-3E02-49F0-84E6-30D8DE9D99A5}"
EndProject
Project("{8BC9CEB8-8B4A-11D0-8D11-00A0C91BC942}") = "zlib", "zlib\project\VC2005\zlib.vcproj", "{2AD5529D-9A50-41C3-9E9A-F030D0A66A54}"
EndProject
Project("{8BC9CEB8-8B4A-11D0-8D11-00A0C91BC942}") = "iptv_appsharing", "iptv_appsharing\project\VC8\appsharing.vcproj", "{CC474125-885B-4CC9-B58F-46400404D204}"
	ProjectSection(ProjectDependencies) = postProject
		{69ECEA66-1E11-428F-A515-810471CBB8AE} = {69ECEA66-1E11-428F-A515-810471CBB8AE}
		{2AD5529D-9A50-41C3-9E9A-F030D0A66A54} = {2AD5529D-9A50-41C3-9E9A-F030D0A66A54}
	EndProjectSection
EndProject
Project("{8BC9CEB8-8B4A-11D0-8D11-00A0C91BC942}") = "iptv_wboard", "iptv_wboard\build\VC8\iptv_wboard.vcproj", "{E23D7D08-F122-4938-B0CC-A714BCE82083}"
	ProjectSection(ProjectDependencies) = postProject
		{69ECEA66-1E11-428F-A515-810471CBB8AE} = {69ECEA66-1E11-428F-A515-810471CBB8AE}
	EndProjectSection
EndProject
Project("{8BC9CEB8-8B4A-11D0-8D11-00A0C91BC942}") = "iptv_video_capture", "iptv_video_capture\project\VC8\iptv_video_capture.vcproj", "{0993C42B-352D-4DF8-A044-CDA3B4BCF37D}"
	ProjectSection(ProjectDependencies) = postProject
		{AED68646-D122-464A-874E-2C7BB1B5DDBA} = {AED68646-D122-464A-874E-2C7BB1B5DDBA}
		{69ECEA66-1E11-428F-A515-810471CBB8AE} = {69ECEA66-1E11-428F-A515-810471CBB8AE}
	EndProjectSection
EndProject
Project("{8BC9CEB8-8B4A-11D0-8D11-00A0C91BC942}") = "SkinTelemedicine", "skin_telemedicine\build\VC2005\SkinTelemedicine.vcproj", "{143A2FC0-1C07-481E-8371-237524FA8430}"
EndProject
Global
	GlobalSection(SolutionConfigurationPlatforms) = preSolution
		Debug|Win32 = Debug|Win32
		Release|Win32 = Release|Win32
	EndGlobalSection
	GlobalSection(ProjectConfigurationPlatforms) = postSolution
		{1912665D-50DF-471D-A313-82E328F48DC5}.Debug|Win32.ActiveCfg = Debug|Win32
		{1912665D-50DF-471D-A313-82E328F48DC5}.Debug|Win32.Build.0 = Debug|Win32
		{1912665D-50DF-471D-A313-82E328F48DC5}.Release|Win32.ActiveCfg = Release|Win32
		{1912665D-50DF-471D-A313-82E328F48DC5}.Release|Win32.Build.0 = Release|Win32
		{69ECEA66-1E11-428F-A515-810471CBB8AE}.Debug|Win32.ActiveCfg = Debug|Win32
		{69ECEA66-1E11-428F-A515-810471CBB8AE}.Debug|Win32.Build.0 = Debug|Win32
		{69ECEA66-1E11-428F-A515-810471CBB8AE}.Release|Win32.ActiveCfg = Release|Win32
		{69ECEA66-1E11-428F-A515-810471CBB8AE}.Release|Win32.Build.0 = Release|Win32
		{00DD12F9-842E-4420-9284-CCC30DB0E0FA}.Debug|Win32.ActiveCfg = Debug|Win32
		{00DD12F9-842E-4420-9284-CCC30DB0E0FA}.Debug|Win32.Build.0 = Debug|Win32
		{00DD12F9-842E-4420-9284-CCC30DB0E0FA}.Release|Win32.ActiveCfg = Release|Win32
		{00DD12F9-842E-4420-9284-CCC30DB0E0FA}.Release|Win32.Build.0 = Release|Win32
		{6767DD4A-7F0D-427A-B44E-F58D38C0C09E}.Debug|Win32.ActiveCfg = Debug|Win32
		{6767DD4A-7F0D-427A-B44E-F58D38C0C09E}.Debug|Win32.Build.0 = Debug|Win32
		{6767DD4A-7F0D-427A-B44E-F58D38C0C09E}.Release|Win32.ActiveCfg = Release|Win32
		{6767DD4A-7F0D-427A-B44E-F58D38C0C09E}.Release|Win32.Build.0 = Release|Win32
		{49145CB9-3B14-4872-80CB-CBE8E839322B}.Debug|Win32.ActiveCfg = Debug|Win32
		{49145CB9-3B14-4872-80CB-CBE8E839322B}.Debug|Win32.Build.0 = Debug|Win32
		{49145CB9-3B14-4872-80CB-CBE8E839322B}.Release|Win32.ActiveCfg = Release|Win32
		{49145CB9-3B14-4872-80CB-CBE8E839322B}.Release|Win32.Build.0 = Release|Win32
		{68441779-4FEA-48BC-8769-6DB2E79D65D6}.Debug|Win32.ActiveCfg = Debug|Win32
		{68441779-4FEA-48BC-8769-6DB2E79D65D6}.Debug|Win32.Build.0 = Debug|Win32
		{68441779-4FEA-48BC-8769-6DB2E79D65D6}.Release|Win32.ActiveCfg = Release|Win32
		{68441779-4FEA-48BC-8769-6DB2E79D65D6}.Release|Win32.Build.0 = Release|Win32
		{30CC2DD4-DFBA-4A24-B174-36E9A59F0E6D}.Debug|Win32.ActiveCfg = Debug|Win32
		{30CC2DD4-DFBA-4A24-B174-36E9A59F0E6D}.Debug|Win32.Build.0 = Debug|Win32
		{30CC2DD4-DFBA-4A24-B174-36E9A59F0E6D}.Release|Win32.ActiveCfg = Release|Win32
		{30CC2DD4-DFBA-4A24-B174-36E9A59F0E6D}.Release|Win32.Build.0 = Release|Win32
		{D3FE95CB-4ECE-4DBA-B2E2-4EAF83DD0224}.Debug|Win32.ActiveCfg = Debug|Win32
		{D3FE95CB-4ECE-4DBA-B2E2-4EAF83DD0224}.Debug|Win32.Build.0 = Debug|Win32
		{D3FE95CB-4ECE-4DBA-B2E2-4EAF83DD0224}.Release|Win32.ActiveCfg = Release|Win32
		{D3FE95CB-4ECE-4DBA-B2E2-4EAF83DD0224}.Release|Win32.Build.0 = Release|Win32
		{27130A06-3E45-496E-A3D5-85E186219A7D}.Debug|Win32.ActiveCfg = Debug|Win32
		{27130A06-3E45-496E-A3D5-85E186219A7D}.Debug|Win32.Build.0 = Debug|Win32
		{27130A06-3E45-496E-A3D5-85E186219A7D}.Release|Win32.ActiveCfg = Release|Win32
		{27130A06-3E45-496E-A3D5-85E186219A7D}.Release|Win32.Build.0 = Release|Win32
		{AED68646-D122-464A-874E-2C7BB1B5DDBA}.Debug|Win32.ActiveCfg = Debug|Win32
		{AED68646-D122-464A-874E-2C7BB1B5DDBA}.Debug|Win32.Build.0 = Debug|Win32
		{AED68646-D122-464A-874E-2C7BB1B5DDBA}.Release|Win32.ActiveCfg = Release|Win32
		{AED68646-D122-464A-874E-2C7BB1B5DDBA}.Release|Win32.Build.0 = Release|Win32
		{4A566B56-A8E5-4D65-A10C-2C7A2D0285EA}.Debug|Win32.ActiveCfg = Debug|Win32
		{4A566B56-A8E5-4D65-A10C-2C7A2D0285EA}.Debug|Win32.Build.0 = Debug|Win32
		{4A566B56-A8E5-4D65-A10C-2C7A2D0285EA}.Release|Win32.ActiveCfg = Release|Win32
		{4A566B56-A8E5-4D65-A10C-2C7A2D0285EA}.Release|Win32.Build.0 = Release|Win32
		{603EC084-3E02-49F0-84E6-30D8DE9D99A5}.Debug|Win32.ActiveCfg = Debug|Win32
		{603EC084-3E02-49F0-84E6-30D8DE9D99A5}.Debug|Win32.Build.0 = Debug|Win32
		{603EC084-3E02-49F0-84E6-30D8DE9D99A5}.Release|Win32.ActiveCfg = Release|Win32
		{603EC084-3E02-49F0-84E6-30D8DE9D99A5}.Release|Win32.Build.0 = Release|Win32
		{2AD5529D-9A50-41C3-9E9A-F030D0A66A54}.Debug|Win32.ActiveCfg = Debug|Win32
		{2AD5529D-9A50-41C3-9E9A-F030D0A66A54}.Debug|Win32.Build.0 = Debug|Win32
		{2AD5529D-9A50-41C3-9E9A-F030D0A66A54}.Release|Win32.ActiveCfg = Release|Win32
		{2AD5529D-9A50-41C3-9E9A-F030D0A66A54}.Release|Win32.Build.0 = Release|Win32
		{CC474125-885B-4CC9-B58F-46400404D204}.Debug|Win32.ActiveCfg = Cross Static Debug|Win32
		{CC474125-885B-4CC9-B58F-46400404D204}.Debug|Win32.Build.0 = Cross Static Debug|Win32
		{CC474125-885B-4CC9-B58F-46400404D204}.Release|Win32.ActiveCfg = Cross Static Release|Win32
		{CC474125-885B-4CC9-B58F-46400404D204}.Release|Win32.Build.0 = Cross Static Release|Win32
		{E23D7D08-F122-4938-B0CC-A714BCE82083}.Debug|Win32.ActiveCfg = Debug|Win32
		{E23D7D08-F122-4938-B0CC-A714BCE82083}.Debug|Win32.Build.0 = Debug|Win32
		{E23D7D08-F122-4938-B0CC-A714BCE82083}.Release|Win32.ActiveCfg = Release|Win32
		{E23D7D08-F122-4938-B0CC-A714BCE82083}.Release|Win32.Build.0 = Release|Win32
		{0993C42B-352D-4DF8-A044-CDA3B4BCF37D}.Debug|Win32.ActiveCfg = Debug|Win32
		{0993C42B-352D-4DF8-A044-CDA3B4BCF37D}.Debug|Win32.Build.0 = Debug|Win32
		{0993C42B-352D-4DF8-A044-CDA3B4BCF37D}.Release|Win32.ActiveCfg = Release|Win32
		{0993C42B-352D-4DF8-A044-CDA3B4BCF37D}.Release|Win32.Build.0 = Release|Win32
		{143A2FC0-1C07-481E-8371-237524FA8430}.Debug|Win32.ActiveCfg = Debug|Win32
		{143A2FC0-1C07-481E-8371-237524FA8430}.Debug|Win32.Build.0 = Debug|Win32
		{143A2FC0-1C07-481E-8371-237524FA8430}.Release|Win32.ActiveCfg = Release|Win32
		{143A2FC0-1C07-481E-8371-237524FA8430}.Release|Win32.Build.0 = Release|Win32
	EndGlobalSection
	GlobalSection(SolutionProperties) = preSolution
		HideSolutionNode = FALSE
	EndGlobalSection
EndGlobal
